
Microsoft Visual Studio Solution File, Format Version 12.00
Project("{FAE04EC0-301F-11D3-BF4B-00C04F79EFBC}") = "Hitbot", "Hitbot.csproj", "{460FA968-3CF3-43F6-9EC3-60E60DE2942C}"
EndProject
Global
	GlobalSection(SolutionConfigurationPlatforms) = preSolution
		Debug|Any CPU = Debug|Any CPU
		Release|Any CPU = Release|Any CPU
	EndGlobalSection
	GlobalSection(ProjectConfigurationPlatforms) = postSolution
		{460FA968-3CF3-43F6-9EC3-60E60DE2942C}.Debug|Any CPU.ActiveCfg = Debug|Any CPU
		{460FA968-3CF3-43F6-9EC3-60E60DE2942C}.Debug|Any CPU.Build.0 = Debug|Any CPU
		{460FA968-3CF3-43F6-9EC3-60E60DE2942C}.Release|Any CPU.ActiveCfg = Release|Any CPU
		{460FA968-3CF3-43F6-9EC3-60E60DE2942C}.Release|Any CPU.Build.0 = Release|Any CPU
	EndGlobalSection
EndGlobal
